
Microsoft Visual Studio Solution File, Format Version 12.00
Project("{8BC9CEB8-8B4A-11D0-8D11-00A0C91BC942}") = "EngineCore", "Engine\EngineCore\EngineCore.vcxproj", "{70359232-4BC5-40B2-BD1F-3F6B5F19F1E3}"
EndProject
Project("{2150E333-8FDC-42A3-9474-1A3956D46DE8}") = "Engine", "Engine", "{B97C8F8A-C88A-44F7-A932-81ED931E67F7}"
EndProject
Project("{8BC9CEB8-8B4A-11D0-8D11-00A0C91BC942}") = "EditorEngine", "Engine\EditorEngine\EditorEngine.vcxproj", "{3EF8A1DA-D347-4303-9310-C5208EE0199B}"
EndProject
Global
	GlobalSection(SolutionConfigurationPlatforms) = preSolution
		Debug|Win32 = Debug|Win32
		Debug|x64 = Debug|x64
		Release|Win32 = Release|Win32
		Release|x64 = Release|x64
	EndGlobalSection
	GlobalSection(ProjectConfigurationPlatforms) = postSolution
		{70359232-4BC5-40B2-BD1F-3F6B5F19F1E3}.Debug|Win32.ActiveCfg = Debug|Win32
		{70359232-4BC5-40B2-BD1F-3F6B5F19F1E3}.Debug|Win32.Build.0 = Debug|Win32
		{70359232-4BC5-40B2-BD1F-3F6B5F19F1E3}.Debug|x64.ActiveCfg = Debug|x64
		{70359232-4BC5-40B2-BD1F-3F6B5F19F1E3}.Debug|x64.Build.0 = Debug|x64
		{70359232-4BC5-40B2-BD1F-3F6B5F19F1E3}.Release|Win32.ActiveCfg = Release|Win32
		{70359232-4BC5-40B2-BD1F-3F6B5F19F1E3}.Release|Win32.Build.0 = Release|Win32
		{70359232-4BC5-40B2-BD1F-3F6B5F19F1E3}.Release|x64.ActiveCfg = Release|x64
		{70359232-4BC5-40B2-BD1F-3F6B5F19F1E3}.Release|x64.Build.0 = Release|x64
		{3EF8A1DA-D347-4303-9310-C5208EE0199B}.Debug|Win32.ActiveCfg = Debug|Win32
		{3EF8A1DA-D347-4303-9310-C5208EE0199B}.Debug|Win32.Build.0 = Debug|Win32
		{3EF8A1DA-D347-4303-9310-C5208EE0199B}.Debug|x64.ActiveCfg = Debug|x64
		{3EF8A1DA-D347-4303-9310-C5208EE0199B}.Debug|x64.Build.0 = Debug|x64
		{3EF8A1DA-D347-4303-9310-C5208EE0199B}.Release|Win32.ActiveCfg = Release|Win32
		{3EF8A1DA-D347-4303-9310-C5208EE0199B}.Release|Win32.Build.0 = Release|Win32
		{3EF8A1DA-D347-4303-9310-C5208EE0199B}.Release|x64.ActiveCfg = Release|x64
		{3EF8A1DA-D347-4303-9310-C5208EE0199B}.Release|x64.Build.0 = Release|x64
	EndGlobalSection
	GlobalSection(NestedProjects) = preSolution
		{70359232-4BC5-40B2-BD1F-3F6B5F19F1E3} = {B97C8F8A-C88A-44F7-A932-81ED931E67F7}
		{3EF8A1DA-D347-4303-9310-C5208EE0199B} = {B97C8F8A-C88A-44F7-A932-81ED931E67F7}
	EndGlobalSection
EndGlobal
